// !$*UTF8*$!
{
	archiveVersion = 1;
	classes = {
	};
	objectVersion = 48;
	objects = {

/* Begin PBXBuildFile section */
		4D20A5BA1FDC5C2E009397DD /* EvaluationTableViewCell.swift in Sources */ = {isa = PBXBuildFile; fileRef = 4D20A5B91FDC5C2E009397DD /* EvaluationTableViewCell.swift */; };
		4D20A5BC1FDC5F26009397DD /* BusinessTableViewCell.swift in Sources */ = {isa = PBXBuildFile; fileRef = 4D20A5BB1FDC5F26009397DD /* BusinessTableViewCell.swift */; };
		4D3D54D11FC52290008C020E /* DAKeychain.swift in Sources */ = {isa = PBXBuildFile; fileRef = 4D3D54D01FC52290008C020E /* DAKeychain.swift */; };
		4D40CEF91FC47AEB00FF50EE /* RegisteredViewController.swift in Sources */ = {isa = PBXBuildFile; fileRef = 4D40CEF81FC47AEB00FF50EE /* RegisteredViewController.swift */; };
		4D7599811FB1941700E93333 /* AppDelegate.swift in Sources */ = {isa = PBXBuildFile; fileRef = 4D7599801FB1941700E93333 /* AppDelegate.swift */; };
		4D7599881FB1941700E93333 /* Main.storyboard in Resources */ = {isa = PBXBuildFile; fileRef = 4D7599861FB1941700E93333 /* Main.storyboard */; };
		4D75998A1FB1941700E93333 /* Assets.xcassets in Resources */ = {isa = PBXBuildFile; fileRef = 4D7599891FB1941700E93333 /* Assets.xcassets */; };
		4D7599981FB1941700E93333 /* EexpressTests.swift in Sources */ = {isa = PBXBuildFile; fileRef = 4D7599971FB1941700E93333 /* EexpressTests.swift */; };
		4D7599A31FB1941700E93333 /* EexpressUITests.swift in Sources */ = {isa = PBXBuildFile; fileRef = 4D7599A21FB1941700E93333 /* EexpressUITests.swift */; };
		4D7599B11FB1A4D500E93333 /* LaunchScreen.storyboard in Resources */ = {isa = PBXBuildFile; fileRef = 4D7599B01FB1A4D500E93333 /* LaunchScreen.storyboard */; };
		4D7599B31FB1A55500E93333 /* HomeViewController.swift in Sources */ = {isa = PBXBuildFile; fileRef = 4D7599B21FB1A55500E93333 /* HomeViewController.swift */; };
		4D7599B51FB1A57300E93333 /* UserViewController.swift in Sources */ = {isa = PBXBuildFile; fileRef = 4D7599B41FB1A57300E93333 /* UserViewController.swift */; };
		4D7599B71FB1B12C00E93333 /* HeadImage.swift in Sources */ = {isa = PBXBuildFile; fileRef = 4D7599B61FB1B12C00E93333 /* HeadImage.swift */; };
		4D7599B91FB302DF00E93333 /* OrderViewController.swift in Sources */ = {isa = PBXBuildFile; fileRef = 4D7599B81FB302DF00E93333 /* OrderViewController.swift */; };
		4D7599C41FB3060100E93333 /* LoginViewController.swift in Sources */ = {isa = PBXBuildFile; fileRef = 4D7599C31FB3060100E93333 /* LoginViewController.swift */; };
		4D800B581FD7A08000999F24 /* ReceiveTableViewController.swift in Sources */ = {isa = PBXBuildFile; fileRef = 4D800B571FD7A08000999F24 /* ReceiveTableViewController.swift */; };
		4D800B5B1FD7A12F00999F24 /* PickTableViewController.swift in Sources */ = {isa = PBXBuildFile; fileRef = 4D800B5A1FD7A12F00999F24 /* PickTableViewController.swift */; };
		4D800B5E1FD7A18400999F24 /* EvaluationTableViewController.swift in Sources */ = {isa = PBXBuildFile; fileRef = 4D800B5D1FD7A18400999F24 /* EvaluationTableViewController.swift */; };
		4D800B611FD7A22400999F24 /* BusinessTableViewController.swift in Sources */ = {isa = PBXBuildFile; fileRef = 4D800B601FD7A22400999F24 /* BusinessTableViewController.swift */; };
		4D800B631FD7BDF900999F24 /* ListTableViewController.swift in Sources */ = {isa = PBXBuildFile; fileRef = 4D800B621FD7BDF900999F24 /* ListTableViewController.swift */; };
		4D800B651FD7C67400999F24 /* ListTableViewCell.swift in Sources */ = {isa = PBXBuildFile; fileRef = 4D800B641FD7C67400999F24 /* ListTableViewCell.swift */; };
		4D9B7D8C1FDC4C2C00BBC6EF /* PickTableViewCell.swift in Sources */ = {isa = PBXBuildFile; fileRef = 4D9B7D8B1FDC4C2C00BBC6EF /* PickTableViewCell.swift */; };
		4D9B7D8E1FDC52AF00BBC6EF /* ReceiveTableViewCell.swift in Sources */ = {isa = PBXBuildFile; fileRef = 4D9B7D8D1FDC52AF00BBC6EF /* ReceiveTableViewCell.swift */; };
		4DDBFE041FC59FDD00F4EB74 /* StartUITabBarController.swift in Sources */ = {isa = PBXBuildFile; fileRef = 4DDBFE031FC59FDD00F4EB74 /* StartUITabBarController.swift */; };
		4DE48FB61FD45B99005318BE /* User.swift in Sources */ = {isa = PBXBuildFile; fileRef = 4DE48FB51FD45B99005318BE /* User.swift */; };
		4DE48FB81FD45D7F005318BE /* Order.swift in Sources */ = {isa = PBXBuildFile; fileRef = 4DE48FB71FD45D7F005318BE /* Order.swift */; };
		4DE48FBA1FD476B5005318BE /* Receive.swift in Sources */ = {isa = PBXBuildFile; fileRef = 4DE48FB91FD476B5005318BE /* Receive.swift */; };
		4DE48FBC1FD47780005318BE /* Search.swift in Sources */ = {isa = PBXBuildFile; fileRef = 4DE48FBB1FD47780005318BE /* Search.swift */; };
		4DE48FC01FD4792F005318BE /* Login.swift in Sources */ = {isa = PBXBuildFile; fileRef = 4DE48FBF1FD4792F005318BE /* Login.swift */; };
		4DF47B5C1FD5832500AB3688 /* SearchViewController.swift in Sources */ = {isa = PBXBuildFile; fileRef = 4DF47B5B1FD5832500AB3688 /* SearchViewController.swift */; };
		4DF47B5F1FD585A800AB3688 /* AddressViewController.swift in Sources */ = {isa = PBXBuildFile; fileRef = 4DF47B5E1FD585A800AB3688 /* AddressViewController.swift */; };
		4DF47B611FD585F100AB3688 /* ResetPasswordViewController.swift in Sources */ = {isa = PBXBuildFile; fileRef = 4DF47B601FD585F000AB3688 /* ResetPasswordViewController.swift */; };
		4DF47B641FD5862000AB3688 /* SetPerinformationViewController.swift in Sources */ = {isa = PBXBuildFile; fileRef = 4DF47B631FD5862000AB3688 /* SetPerinformationViewController.swift */; };
/* End PBXBuildFile section */

/* Begin PBXContainerItemProxy section */
		4D7599941FB1941700E93333 /* PBXContainerItemProxy */ = {
			isa = PBXContainerItemProxy;
			containerPortal = 4D7599751FB1941700E93333 /* Project object */;
			proxyType = 1;
			remoteGlobalIDString = 4D75997C1FB1941700E93333;
			remoteInfo = Eexpress;
		};
		4D75999F1FB1941700E93333 /* PBXContainerItemProxy */ = {
			isa = PBXContainerItemProxy;
			containerPortal = 4D7599751FB1941700E93333 /* Project object */;
			proxyType = 1;
			remoteGlobalIDString = 4D75997C1FB1941700E93333;
			remoteInfo = Eexpress;
		};
/* End PBXContainerItemProxy section */

/* Begin PBXFileReference section */
		4D20A5B91FDC5C2E009397DD /* EvaluationTableViewCell.swift */ = {isa = PBXFileReference; lastKnownFileType = sourcecode.swift; path = EvaluationTableViewCell.swift; sourceTree = "<group>"; };
		4D20A5BB1FDC5F26009397DD /* BusinessTableViewCell.swift */ = {isa = PBXFileReference; lastKnownFileType = sourcecode.swift; path = BusinessTableViewCell.swift; sourceTree = "<group>"; };
		4D3D54D01FC52290008C020E /* DAKeychain.swift */ = {isa = PBXFileReference; lastKnownFileType = sourcecode.swift; path = DAKeychain.swift; sourceTree = "<group>"; };
		4D40CEF81FC47AEB00FF50EE /* RegisteredViewController.swift */ = {isa = PBXFileReference; lastKnownFileType = sourcecode.swift; path = RegisteredViewController.swift; sourceTree = "<group>"; };
		4D75997D1FB1941700E93333 /* Eexpress.app */ = {isa = PBXFileReference; explicitFileType = wrapper.application; includeInIndex = 0; path = Eexpress.app; sourceTree = BUILT_PRODUCTS_DIR; };
		4D7599801FB1941700E93333 /* AppDelegate.swift */ = {isa = PBXFileReference; lastKnownFileType = sourcecode.swift; path = AppDelegate.swift; sourceTree = "<group>"; };
		4D7599871FB1941700E93333 /* Base */ = {isa = PBXFileReference; lastKnownFileType = file.storyboard; name = Base; path = Base.lproj/Main.storyboard; sourceTree = "<group>"; };
		4D7599891FB1941700E93333 /* Assets.xcassets */ = {isa = PBXFileReference; lastKnownFileType = folder.assetcatalog; path = Assets.xcassets; sourceTree = "<group>"; };
		4D75998E1FB1941700E93333 /* Info.plist */ = {isa = PBXFileReference; lastKnownFileType = text.plist.xml; path = Info.plist; sourceTree = "<group>"; };
		4D7599931FB1941700E93333 /* EexpressTests.xctest */ = {isa = PBXFileReference; explicitFileType = wrapper.cfbundle; includeInIndex = 0; path = EexpressTests.xctest; sourceTree = BUILT_PRODUCTS_DIR; };
		4D7599971FB1941700E93333 /* EexpressTests.swift */ = {isa = PBXFileReference; lastKnownFileType = sourcecode.swift; path = EexpressTests.swift; sourceTree = "<group>"; };
		4D7599991FB1941700E93333 /* Info.plist */ = {isa = PBXFileReference; lastKnownFileType = text.plist.xml; path = Info.plist; sourceTree = "<group>"; };
		4D75999E1FB1941700E93333 /* EexpressUITests.xctest */ = {isa = PBXFileReference; explicitFileType = wrapper.cfbundle; includeInIndex = 0; path = EexpressUITests.xctest; sourceTree = BUILT_PRODUCTS_DIR; };
		4D7599A21FB1941700E93333 /* EexpressUITests.swift */ = {isa = PBXFileReference; lastKnownFileType = sourcecode.swift; path = EexpressUITests.swift; sourceTree = "<group>"; };
		4D7599A41FB1941700E93333 /* Info.plist */ = {isa = PBXFileReference; lastKnownFileType = text.plist.xml; path = Info.plist; sourceTree = "<group>"; };
		4D7599B01FB1A4D500E93333 /* LaunchScreen.storyboard */ = {isa = PBXFileReference; lastKnownFileType = file.storyboard; path = LaunchScreen.storyboard; sourceTree = "<group>"; };
		4D7599B21FB1A55500E93333 /* HomeViewController.swift */ = {isa = PBXFileReference; lastKnownFileType = sourcecode.swift; path = HomeViewController.swift; sourceTree = "<group>"; };
		4D7599B41FB1A57300E93333 /* UserViewController.swift */ = {isa = PBXFileReference; lastKnownFileType = sourcecode.swift; path = UserViewController.swift; sourceTree = "<group>"; };
		4D7599B61FB1B12C00E93333 /* HeadImage.swift */ = {isa = PBXFileReference; lastKnownFileType = sourcecode.swift; path = HeadImage.swift; sourceTree = "<group>"; };
		4D7599B81FB302DF00E93333 /* OrderViewController.swift */ = {isa = PBXFileReference; lastKnownFileType = sourcecode.swift; path = OrderViewController.swift; sourceTree = "<group>"; };
		4D7599C31FB3060100E93333 /* LoginViewController.swift */ = {isa = PBXFileReference; lastKnownFileType = sourcecode.swift; path = LoginViewController.swift; sourceTree = "<group>"; };
		4D800B571FD7A08000999F24 /* ReceiveTableViewController.swift */ = {isa = PBXFileReference; lastKnownFileType = sourcecode.swift; path = ReceiveTableViewController.swift; sourceTree = "<group>"; };
		4D800B5A1FD7A12F00999F24 /* PickTableViewController.swift */ = {isa = PBXFileReference; lastKnownFileType = sourcecode.swift; path = PickTableViewController.swift; sourceTree = "<group>"; };
		4D800B5D1FD7A18400999F24 /* EvaluationTableViewController.swift */ = {isa = PBXFileReference; lastKnownFileType = sourcecode.swift; path = EvaluationTableViewController.swift; sourceTree = "<group>"; };
		4D800B601FD7A22400999F24 /* BusinessTableViewController.swift */ = {isa = PBXFileReference; lastKnownFileType = sourcecode.swift; path = BusinessTableViewController.swift; sourceTree = "<group>"; };
		4D800B621FD7BDF900999F24 /* ListTableViewController.swift */ = {isa = PBXFileReference; lastKnownFileType = sourcecode.swift; path = ListTableViewController.swift; sourceTree = "<group>"; };
		4D800B641FD7C67400999F24 /* ListTableViewCell.swift */ = {isa = PBXFileReference; lastKnownFileType = sourcecode.swift; path = ListTableViewCell.swift; sourceTree = "<group>"; };
		4D9B7D8B1FDC4C2C00BBC6EF /* PickTableViewCell.swift */ = {isa = PBXFileReference; lastKnownFileType = sourcecode.swift; path = PickTableViewCell.swift; sourceTree = "<group>"; };
		4D9B7D8D1FDC52AF00BBC6EF /* ReceiveTableViewCell.swift */ = {isa = PBXFileReference; lastKnownFileType = sourcecode.swift; path = ReceiveTableViewCell.swift; sourceTree = "<group>"; };
		4DDBFE031FC59FDD00F4EB74 /* StartUITabBarController.swift */ = {isa = PBXFileReference; lastKnownFileType = sourcecode.swift; path = StartUITabBarController.swift; sourceTree = "<group>"; };
		4DE48FB51FD45B99005318BE /* User.swift */ = {isa = PBXFileReference; lastKnownFileType = sourcecode.swift; path = User.swift; sourceTree = "<group>"; };
		4DE48FB71FD45D7F005318BE /* Order.swift */ = {isa = PBXFileReference; lastKnownFileType = sourcecode.swift; path = Order.swift; sourceTree = "<group>"; };
		4DE48FB91FD476B5005318BE /* Receive.swift */ = {isa = PBXFileReference; lastKnownFileType = sourcecode.swift; path = Receive.swift; sourceTree = "<group>"; };
		4DE48FBB1FD47780005318BE /* Search.swift */ = {isa = PBXFileReference; lastKnownFileType = sourcecode.swift; path = Search.swift; sourceTree = "<group>"; };
		4DE48FBF1FD4792F005318BE /* Login.swift */ = {isa = PBXFileReference; lastKnownFileType = sourcecode.swift; path = Login.swift; sourceTree = "<group>"; };
		4DF47B5B1FD5832500AB3688 /* SearchViewController.swift */ = {isa = PBXFileReference; lastKnownFileType = sourcecode.swift; path = SearchViewController.swift; sourceTree = "<group>"; };
		4DF47B5E1FD585A800AB3688 /* AddressViewController.swift */ = {isa = PBXFileReference; lastKnownFileType = sourcecode.swift; path = AddressViewController.swift; sourceTree = "<group>"; };
		4DF47B601FD585F000AB3688 /* ResetPasswordViewController.swift */ = {isa = PBXFileReference; lastKnownFileType = sourcecode.swift; path = ResetPasswordViewController.swift; sourceTree = "<group>"; };
		4DF47B631FD5862000AB3688 /* SetPerinformationViewController.swift */ = {isa = PBXFileReference; lastKnownFileType = sourcecode.swift; path = SetPerinformationViewController.swift; sourceTree = "<group>"; };
/* End PBXFileReference section */

/* Begin PBXFrameworksBuildPhase section */
		4D75997A1FB1941700E93333 /* Frameworks */ = {
			isa = PBXFrameworksBuildPhase;
			buildActionMask = 2147483647;
			files = (
			);
			runOnlyForDeploymentPostprocessing = 0;
		};
		4D7599901FB1941700E93333 /* Frameworks */ = {
			isa = PBXFrameworksBuildPhase;
			buildActionMask = 2147483647;
			files = (
			);
			runOnlyForDeploymentPostprocessing = 0;
		};
		4D75999B1FB1941700E93333 /* Frameworks */ = {
			isa = PBXFrameworksBuildPhase;
			buildActionMask = 2147483647;
			files = (
			);
			runOnlyForDeploymentPostprocessing = 0;
		};
/* End PBXFrameworksBuildPhase section */

/* Begin PBXGroup section */
		4D3D54CB1FC51C63008C020E /* Frameworks */ = {
			isa = PBXGroup;
			children = (
			);
			name = Frameworks;
			sourceTree = "<group>";
		};
		4D7599741FB1941700E93333 = {
			isa = PBXGroup;
			children = (
				4D75997F1FB1941700E93333 /* Eexpress */,
				4D7599961FB1941700E93333 /* EexpressTests */,
				4D7599A11FB1941700E93333 /* EexpressUITests */,
				4D75997E1FB1941700E93333 /* Products */,
				4D3D54CB1FC51C63008C020E /* Frameworks */,
			);
			sourceTree = "<group>";
		};
		4D75997E1FB1941700E93333 /* Products */ = {
			isa = PBXGroup;
			children = (
				4D75997D1FB1941700E93333 /* Eexpress.app */,
				4D7599931FB1941700E93333 /* EexpressTests.xctest */,
				4D75999E1FB1941700E93333 /* EexpressUITests.xctest */,
			);
			name = Products;
			sourceTree = "<group>";
		};
		4D75997F1FB1941700E93333 /* Eexpress */ = {
			isa = PBXGroup;
			children = (
				4DE48FC11FD47973005318BE /* Data structure */,
				4DF47B5A1FD582F600AB3688 /* Search */,
				4D7599C21FB3059200E93333 /* Login */,
				4D7599C11FB3058700E93333 /* Me */,
				4D7599C01FB3057600E93333 /* Home */,
				4D7599801FB1941700E93333 /* AppDelegate.swift */,
				4D7599861FB1941700E93333 /* Main.storyboard */,
				4D7599891FB1941700E93333 /* Assets.xcassets */,
				4D7599B01FB1A4D500E93333 /* LaunchScreen.storyboard */,
				4D75998E1FB1941700E93333 /* Info.plist */,
				4D3D54D01FC52290008C020E /* DAKeychain.swift */,
				4DDBFE031FC59FDD00F4EB74 /* StartUITabBarController.swift */,
			);
			path = Eexpress;
			sourceTree = "<group>";
		};
		4D7599961FB1941700E93333 /* EexpressTests */ = {
			isa = PBXGroup;
			children = (
				4D7599971FB1941700E93333 /* EexpressTests.swift */,
				4D7599991FB1941700E93333 /* Info.plist */,
			);
			path = EexpressTests;
			sourceTree = "<group>";
		};
		4D7599A11FB1941700E93333 /* EexpressUITests */ = {
			isa = PBXGroup;
			children = (
				4D7599A21FB1941700E93333 /* EexpressUITests.swift */,
				4D7599A41FB1941700E93333 /* Info.plist */,
			);
			path = EexpressUITests;
			sourceTree = "<group>";
		};
		4D7599C01FB3057600E93333 /* Home */ = {
			isa = PBXGroup;
			children = (
				4D7599B21FB1A55500E93333 /* HomeViewController.swift */,
			);
			path = Home;
			sourceTree = "<group>";
		};
		4D7599C11FB3058700E93333 /* Me */ = {
			isa = PBXGroup;
			children = (
				4D800B5F1FD7A20600999F24 /* Business */,
				4D800B5C1FD7A17500999F24 /* Evaluation */,
				4D800B591FD7A11A00999F24 /* Pick */,
				4D800B561FD7A04E00999F24 /* Receive */,
				4DF47B5D1FD5858B00AB3688 /* Setting */,
				4D7599C51FB3062500E93333 /* Order */,
				4D7599B41FB1A57300E93333 /* UserViewController.swift */,
				4D7599B61FB1B12C00E93333 /* HeadImage.swift */,
			);
			path = Me;
			sourceTree = "<group>";
		};
		4D7599C21FB3059200E93333 /* Login */ = {
			isa = PBXGroup;
			children = (
				4D7599C31FB3060100E93333 /* LoginViewController.swift */,
				4D40CEF81FC47AEB00FF50EE /* RegisteredViewController.swift */,
			);
			path = Login;
			sourceTree = "<group>";
		};
		4D7599C51FB3062500E93333 /* Order */ = {
			isa = PBXGroup;
			children = (
				4D7599B81FB302DF00E93333 /* OrderViewController.swift */,
			);
			path = Order;
			sourceTree = "<group>";
		};
		4D800B561FD7A04E00999F24 /* Receive */ = {
			isa = PBXGroup;
			children = (
				4D800B571FD7A08000999F24 /* ReceiveTableViewController.swift */,
				4D9B7D8D1FDC52AF00BBC6EF /* ReceiveTableViewCell.swift */,
			);
			path = Receive;
			sourceTree = "<group>";
		};
		4D800B591FD7A11A00999F24 /* Pick */ = {
			isa = PBXGroup;
			children = (
				4D800B5A1FD7A12F00999F24 /* PickTableViewController.swift */,
				4D9B7D8B1FDC4C2C00BBC6EF /* PickTableViewCell.swift */,
			);
			path = Pick;
			sourceTree = "<group>";
		};
		4D800B5C1FD7A17500999F24 /* Evaluation */ = {
			isa = PBXGroup;
			children = (
				4D800B5D1FD7A18400999F24 /* EvaluationTableViewController.swift */,
				4D20A5B91FDC5C2E009397DD /* EvaluationTableViewCell.swift */,
			);
			path = Evaluation;
			sourceTree = "<group>";
		};
		4D800B5F1FD7A20600999F24 /* Business */ = {
			isa = PBXGroup;
			children = (
				4D800B601FD7A22400999F24 /* BusinessTableViewController.swift */,
				4D20A5BB1FDC5F26009397DD /* BusinessTableViewCell.swift */,
			);
			path = Business;
			sourceTree = "<group>";
		};
		4DE48FC11FD47973005318BE /* Data structure */ = {
			isa = PBXGroup;
			children = (
				4DE48FB71FD45D7F005318BE /* Order.swift */,
				4DE48FB91FD476B5005318BE /* Receive.swift */,
				4DE48FBB1FD47780005318BE /* Search.swift */,
				4DE48FBF1FD4792F005318BE /* Login.swift */,
				4DE48FB51FD45B99005318BE /* User.swift */,
			);
			path = "Data structure";
			sourceTree = "<group>";
		};
		4DF47B5A1FD582F600AB3688 /* Search */ = {
			isa = PBXGroup;
			children = (
				4DF47B5B1FD5832500AB3688 /* SearchViewController.swift */,
				4D800B621FD7BDF900999F24 /* ListTableViewController.swift */,
				4D800B641FD7C67400999F24 /* ListTableViewCell.swift */,
			);
			path = Search;
			sourceTree = "<group>";
		};
		4DF47B5D1FD5858B00AB3688 /* Setting */ = {
			isa = PBXGroup;
			children = (
				4DF47B5E1FD585A800AB3688 /* AddressViewController.swift */,
				4DF47B601FD585F000AB3688 /* ResetPasswordViewController.swift */,
				4DF47B631FD5862000AB3688 /* SetPerinformationViewController.swift */,
			);
			path = Setting;
			sourceTree = "<group>";
		};
/* End PBXGroup section */

/* Begin PBXNativeTarget section */
		4D75997C1FB1941700E93333 /* Eexpress */ = {
			isa = PBXNativeTarget;
			buildConfigurationList = 4D7599A71FB1941700E93333 /* Build configuration list for PBXNativeTarget "Eexpress" */;
			buildPhases = (
				4D7599791FB1941700E93333 /* Sources */,
				4D75997A1FB1941700E93333 /* Frameworks */,
				4D75997B1FB1941700E93333 /* Resources */,
			);
			buildRules = (
			);
			dependencies = (
			);
			name = Eexpress;
			productName = Eexpress;
			productReference = 4D75997D1FB1941700E93333 /* Eexpress.app */;
			productType = "com.apple.product-type.application";
		};
		4D7599921FB1941700E93333 /* EexpressTests */ = {
			isa = PBXNativeTarget;
			buildConfigurationList = 4D7599AA1FB1941700E93333 /* Build configuration list for PBXNativeTarget "EexpressTests" */;
			buildPhases = (
				4D75998F1FB1941700E93333 /* Sources */,
				4D7599901FB1941700E93333 /* Frameworks */,
				4D7599911FB1941700E93333 /* Resources */,
			);
			buildRules = (
			);
			dependencies = (
				4D7599951FB1941700E93333 /* PBXTargetDependency */,
			);
			name = EexpressTests;
			productName = EexpressTests;
			productReference = 4D7599931FB1941700E93333 /* EexpressTests.xctest */;
			productType = "com.apple.product-type.bundle.unit-test";
		};
		4D75999D1FB1941700E93333 /* EexpressUITests */ = {
			isa = PBXNativeTarget;
			buildConfigurationList = 4D7599AD1FB1941700E93333 /* Build configuration list for PBXNativeTarget "EexpressUITests" */;
			buildPhases = (
				4D75999A1FB1941700E93333 /* Sources */,
				4D75999B1FB1941700E93333 /* Frameworks */,
				4D75999C1FB1941700E93333 /* Resources */,
			);
			buildRules = (
			);
			dependencies = (
				4D7599A01FB1941700E93333 /* PBXTargetDependency */,
			);
			name = EexpressUITests;
			productName = EexpressUITests;
			productReference = 4D75999E1FB1941700E93333 /* EexpressUITests.xctest */;
			productType = "com.apple.product-type.bundle.ui-testing";
		};
/* End PBXNativeTarget section */

/* Begin PBXProject section */
		4D7599751FB1941700E93333 /* Project object */ = {
			isa = PBXProject;
			attributes = {
				LastSwiftUpdateCheck = 0910;
				LastUpgradeCheck = 0910;
				ORGANIZATIONNAME = jarson;
				TargetAttributes = {
					4D75997C1FB1941700E93333 = {
						CreatedOnToolsVersion = 9.1;
						ProvisioningStyle = Automatic;
					};
					4D7599921FB1941700E93333 = {
						CreatedOnToolsVersion = 9.1;
						ProvisioningStyle = Automatic;
						TestTargetID = 4D75997C1FB1941700E93333;
					};
					4D75999D1FB1941700E93333 = {
						CreatedOnToolsVersion = 9.1;
						ProvisioningStyle = Automatic;
						TestTargetID = 4D75997C1FB1941700E93333;
					};
				};
			};
			buildConfigurationList = 4D7599781FB1941700E93333 /* Build configuration list for PBXProject "Eexpress" */;
			compatibilityVersion = "Xcode 8.0";
			developmentRegion = en;
			hasScannedForEncodings = 0;
			knownRegions = (
				en,
				Base,
			);
			mainGroup = 4D7599741FB1941700E93333;
			productRefGroup = 4D75997E1FB1941700E93333 /* Products */;
			projectDirPath = "";
			projectRoot = "";
			targets = (
				4D75997C1FB1941700E93333 /* Eexpress */,
				4D7599921FB1941700E93333 /* EexpressTests */,
				4D75999D1FB1941700E93333 /* EexpressUITests */,
			);
		};
/* End PBXProject section */

/* Begin PBXResourcesBuildPhase section */
		4D75997B1FB1941700E93333 /* Resources */ = {
			isa = PBXResourcesBuildPhase;
			buildActionMask = 2147483647;
			files = (
				4D7599B11FB1A4D500E93333 /* LaunchScreen.storyboard in Resources */,
				4D75998A1FB1941700E93333 /* Assets.xcassets in Resources */,
				4D7599881FB1941700E93333 /* Main.storyboard in Resources */,
			);
			runOnlyForDeploymentPostprocessing = 0;
		};
		4D7599911FB1941700E93333 /* Resources */ = {
			isa = PBXResourcesBuildPhase;
			buildActionMask = 2147483647;
			files = (
			);
			runOnlyForDeploymentPostprocessing = 0;
		};
		4D75999C1FB1941700E93333 /* Resources */ = {
			isa = PBXResourcesBuildPhase;
			buildActionMask = 2147483647;
			files = (
			);
			runOnlyForDeploymentPostprocessing = 0;
		};
/* End PBXResourcesBuildPhase section */

/* Begin PBXSourcesBuildPhase section */
		4D7599791FB1941700E93333 /* Sources */ = {
			isa = PBXSourcesBuildPhase;
			buildActionMask = 2147483647;
			files = (
				4D20A5BA1FDC5C2E009397DD /* EvaluationTableViewCell.swift in Sources */,
				4D20A5BC1FDC5F26009397DD /* BusinessTableViewCell.swift in Sources */,
				4DE48FBC1FD47780005318BE /* Search.swift in Sources */,
				4DDBFE041FC59FDD00F4EB74 /* StartUITabBarController.swift in Sources */,
				4D800B5B1FD7A12F00999F24 /* PickTableViewController.swift in Sources */,
				4D7599C41FB3060100E93333 /* LoginViewController.swift in Sources */,
				4D800B631FD7BDF900999F24 /* ListTableViewController.swift in Sources */,
				4D7599811FB1941700E93333 /* AppDelegate.swift in Sources */,
				4D800B581FD7A08000999F24 /* ReceiveTableViewController.swift in Sources */,
				4DE48FBA1FD476B5005318BE /* Receive.swift in Sources */,
				4D9B7D8C1FDC4C2C00BBC6EF /* PickTableViewCell.swift in Sources */,
				4D7599B91FB302DF00E93333 /* OrderViewController.swift in Sources */,
				4DF47B5F1FD585A800AB3688 /* AddressViewController.swift in Sources */,
				4DE48FC01FD4792F005318BE /* Login.swift in Sources */,
				4DE48FB81FD45D7F005318BE /* Order.swift in Sources */,
				4DF47B611FD585F100AB3688 /* ResetPasswordViewController.swift in Sources */,
				4D7599B51FB1A57300E93333 /* UserViewController.swift in Sources */,
				4D3D54D11FC52290008C020E /* DAKeychain.swift in Sources */,
				4D800B5E1FD7A18400999F24 /* EvaluationTableViewController.swift in Sources */,
				4D9B7D8E1FDC52AF00BBC6EF /* ReceiveTableViewCell.swift in Sources */,
				4DF47B5C1FD5832500AB3688 /* SearchViewController.swift in Sources */,
				4D800B651FD7C67400999F24 /* ListTableViewCell.swift in Sources */,
				4D7599B31FB1A55500E93333 /* HomeViewController.swift in Sources */,
				4D7599B71FB1B12C00E93333 /* HeadImage.swift in Sources */,
				4DE48FB61FD45B99005318BE /* User.swift in Sources */,
				4D800B611FD7A22400999F24 /* BusinessTableViewController.swift in Sources */,
				4DF47B641FD5862000AB3688 /* SetPerinformationViewController.swift in Sources */,
				4D40CEF91FC47AEB00FF50EE /* RegisteredViewController.swift in Sources */,
			);
			runOnlyForDeploymentPostprocessing = 0;
		};
		4D75998F1FB1941700E93333 /* Sources */ = {
			isa = PBXSourcesBuildPhase;
			buildActionMask = 2147483647;
			files = (
				4D7599981FB1941700E93333 /* EexpressTests.swift in Sources */,
			);
			runOnlyForDeploymentPostprocessing = 0;
		};
		4D75999A1FB1941700E93333 /* Sources */ = {
			isa = PBXSourcesBuildPhase;
			buildActionMask = 2147483647;
			files = (
				4D7599A31FB1941700E93333 /* EexpressUITests.swift in Sources */,
			);
			runOnlyForDeploymentPostprocessing = 0;
		};
/* End PBXSourcesBuildPhase section */

/* Begin PBXTargetDependency section */
		4D7599951FB1941700E93333 /* PBXTargetDependency */ = {
			isa = PBXTargetDependency;
			target = 4D75997C1FB1941700E93333 /* Eexpress */;
			targetProxy = 4D7599941FB1941700E93333 /* PBXContainerItemProxy */;
		};
		4D7599A01FB1941700E93333 /* PBXTargetDependency */ = {
			isa = PBXTargetDependency;
			target = 4D75997C1FB1941700E93333 /* Eexpress */;
			targetProxy = 4D75999F1FB1941700E93333 /* PBXContainerItemProxy */;
		};
/* End PBXTargetDependency section */

/* Begin PBXVariantGroup section */
		4D7599861FB1941700E93333 /* Main.storyboard */ = {
			isa = PBXVariantGroup;
			children = (
				4D7599871FB1941700E93333 /* Base */,
			);
			name = Main.storyboard;
			sourceTree = "<group>";
		};
/* End PBXVariantGroup section */

/* Begin XCBuildConfiguration section */
		4D7599A51FB1941700E93333 /* Debug */ = {
			isa = XCBuildConfiguration;
			buildSettings = {
				ALWAYS_SEARCH_USER_PATHS = NO;
				CLANG_ANALYZER_NONNULL = YES;
				CLANG_ANALYZER_NUMBER_OBJECT_CONVERSION = YES_AGGRESSIVE;
				CLANG_CXX_LANGUAGE_STANDARD = "gnu++14";
				CLANG_CXX_LIBRARY = "libc++";
				CLANG_ENABLE_MODULES = YES;
				CLANG_ENABLE_OBJC_ARC = YES;
				CLANG_WARN_BLOCK_CAPTURE_AUTORELEASING = YES;
				CLANG_WARN_BOOL_CONVERSION = YES;
				CLANG_WARN_COMMA = YES;
				CLANG_WARN_CONSTANT_CONVERSION = YES;
				CLANG_WARN_DIRECT_OBJC_ISA_USAGE = YES_ERROR;
				CLANG_WARN_DOCUMENTATION_COMMENTS = YES;
				CLANG_WARN_EMPTY_BODY = YES;
				CLANG_WARN_ENUM_CONVERSION = YES;
				CLANG_WARN_INFINITE_RECURSION = YES;
				CLANG_WARN_INT_CONVERSION = YES;
				CLANG_WARN_NON_LITERAL_NULL_CONVERSION = YES;
				CLANG_WARN_OBJC_LITERAL_CONVERSION = YES;
				CLANG_WARN_OBJC_ROOT_CLASS = YES_ERROR;
				CLANG_WARN_RANGE_LOOP_ANALYSIS = YES;
				CLANG_WARN_STRICT_PROTOTYPES = YES;
				CLANG_WARN_SUSPICIOUS_MOVE = YES;
				CLANG_WARN_UNGUARDED_AVAILABILITY = YES_AGGRESSIVE;
				CLANG_WARN_UNREACHABLE_CODE = YES;
				CLANG_WARN__DUPLICATE_METHOD_MATCH = YES;
				CODE_SIGN_IDENTITY = "iPhone Developer";
				COPY_PHASE_STRIP = NO;
				DEBUG_INFORMATION_FORMAT = dwarf;
				ENABLE_STRICT_OBJC_MSGSEND = YES;
				ENABLE_TESTABILITY = YES;
				GCC_C_LANGUAGE_STANDARD = gnu11;
				GCC_DYNAMIC_NO_PIC = NO;
				GCC_NO_COMMON_BLOCKS = YES;
				GCC_OPTIMIZATION_LEVEL = 0;
				GCC_PREPROCESSOR_DEFINITIONS = (
					"DEBUG=1",
					"$(inherited)",
				);
				GCC_WARN_64_TO_32_BIT_CONVERSION = YES;
				GCC_WARN_ABOUT_RETURN_TYPE = YES_ERROR;
				GCC_WARN_UNDECLARED_SELECTOR = YES;
				GCC_WARN_UNINITIALIZED_AUTOS = YES_AGGRESSIVE;
				GCC_WARN_UNUSED_FUNCTION = YES;
				GCC_WARN_UNUSED_VARIABLE = YES;
				IPHONEOS_DEPLOYMENT_TARGET = 11.1;
				MTL_ENABLE_DEBUG_INFO = YES;
				ONLY_ACTIVE_ARCH = YES;
				SDKROOT = iphoneos;
				SWIFT_ACTIVE_COMPILATION_CONDITIONS = DEBUG;
				SWIFT_OPTIMIZATION_LEVEL = "-Onone";
			};
			name = Debug;
		};
		4D7599A61FB1941700E93333 /* Release */ = {
			isa = XCBuildConfiguration;
			buildSettings = {
				ALWAYS_SEARCH_USER_PATHS = NO;
				CLANG_ANALYZER_NONNULL = YES;
				CLANG_ANALYZER_NUMBER_OBJECT_CONVERSION = YES_AGGRESSIVE;
				CLANG_CXX_LANGUAGE_STANDARD = "gnu++14";
				CLANG_CXX_LIBRARY = "libc++";
				CLANG_ENABLE_MODULES = YES;
				CLANG_ENABLE_OBJC_ARC = YES;
				CLANG_WARN_BLOCK_CAPTURE_AUTORELEASING = YES;
				CLANG_WARN_BOOL_CONVERSION = YES;
				CLANG_WARN_COMMA = YES;
				CLANG_WARN_CONSTANT_CONVERSION = YES;
				CLANG_WARN_DIRECT_OBJC_ISA_USAGE = YES_ERROR;
				CLANG_WARN_DOCUMENTATION_COMMENTS = YES;
				CLANG_WARN_EMPTY_BODY = YES;
				CLANG_WARN_ENUM_CONVERSION = YES;
				CLANG_WARN_INFINITE_RECURSION = YES;
				CLANG_WARN_INT_CONVERSION = YES;
				CLANG_WARN_NON_LITERAL_NULL_CONVERSION = YES;
				CLANG_WARN_OBJC_LITERAL_CONVERSION = YES;
				CLANG_WARN_OBJC_ROOT_CLASS = YES_ERROR;
				CLANG_WARN_RANGE_LOOP_ANALYSIS = YES;
				CLANG_WARN_STRICT_PROTOTYPES = YES;
				CLANG_WARN_SUSPICIOUS_MOVE = YES;
				CLANG_WARN_UNGUARDED_AVAILABILITY = YES_AGGRESSIVE;
				CLANG_WARN_UNREACHABLE_CODE = YES;
				CLANG_WARN__DUPLICATE_METHOD_MATCH = YES;
				CODE_SIGN_IDENTITY = "iPhone Developer";
				COPY_PHASE_STRIP = NO;
				DEBUG_INFORMATION_FORMAT = "dwarf-with-dsym";
				ENABLE_NS_ASSERTIONS = NO;
				ENABLE_STRICT_OBJC_MSGSEND = YES;
				GCC_C_LANGUAGE_STANDARD = gnu11;
				GCC_NO_COMMON_BLOCKS = YES;
				GCC_WARN_64_TO_32_BIT_CONVERSION = YES;
				GCC_WARN_ABOUT_RETURN_TYPE = YES_ERROR;
				GCC_WARN_UNDECLARED_SELECTOR = YES;
				GCC_WARN_UNINITIALIZED_AUTOS = YES_AGGRESSIVE;
				GCC_WARN_UNUSED_FUNCTION = YES;
				GCC_WARN_UNUSED_VARIABLE = YES;
				IPHONEOS_DEPLOYMENT_TARGET = 11.1;
				MTL_ENABLE_DEBUG_INFO = NO;
				SDKROOT = iphoneos;
				SWIFT_OPTIMIZATION_LEVEL = "-Owholemodule";
				VALIDATE_PRODUCT = YES;
			};
			name = Release;
		};
		4D7599A81FB1941700E93333 /* Debug */ = {
			isa = XCBuildConfiguration;
			buildSettings = {
				ASSETCATALOG_COMPILER_APPICON_NAME = AppIcon;
				CODE_SIGN_STYLE = Automatic;
				DEVELOPMENT_TEAM = 8VUX32YHRN;
				FRAMEWORK_SEARCH_PATHS = (
					"$(inherited)",
					"$(PROJECT_DIR)/Eexpress/lib",
				);
				INFOPLIST_FILE = Eexpress/Info.plist;
				LD_RUNPATH_SEARCH_PATHS = "$(inherited) @executable_path/Frameworks";
				PRODUCT_BUNDLE_IDENTIFIER = cn.edu.nju.Eexpress;
				PRODUCT_NAME = "$(TARGET_NAME)";
				SWIFT_VERSION = 4.0;
				TARGETED_DEVICE_FAMILY = "1,2";
			};
			name = Debug;
		};
		4D7599A91FB1941700E93333 /* Release */ = {
			isa = XCBuildConfiguration;
			buildSettings = {
				ASSETCATALOG_COMPILER_APPICON_NAME = AppIcon;
				CODE_SIGN_STYLE = Automatic;
				DEVELOPMENT_TEAM = 8VUX32YHRN;
				FRAMEWORK_SEARCH_PATHS = (
					"$(inherited)",
					"$(PROJECT_DIR)/Eexpress/lib",
				);
				INFOPLIST_FILE = Eexpress/Info.plist;
				LD_RUNPATH_SEARCH_PATHS = "$(inherited) @executable_path/Frameworks";
				PRODUCT_BUNDLE_IDENTIFIER = cn.edu.nju.Eexpress;
				PRODUCT_NAME = "$(TARGET_NAME)";
				SWIFT_VERSION = 4.0;
				TARGETED_DEVICE_FAMILY = "1,2";
			};
			name = Release;
		};
		4D7599AB1FB1941700E93333 /* Debug */ = {
			isa = XCBuildConfiguration;
			buildSettings = {
				ALWAYS_EMBED_SWIFT_STANDARD_LIBRARIES = YES;
				BUNDLE_LOADER = "$(TEST_HOST)";
				CODE_SIGN_STYLE = Automatic;
				DEVELOPMENT_TEAM = 8VUX32YHRN;
				INFOPLIST_FILE = EexpressTests/Info.plist;
				LD_RUNPATH_SEARCH_PATHS = "$(inherited) @executable_path/Frameworks @loader_path/Frameworks";
				PRODUCT_BUNDLE_IDENTIFIER = cn.edu.nju.EexpressTests;
				PRODUCT_NAME = "$(TARGET_NAME)";
				SWIFT_VERSION = 4.0;
				TARGETED_DEVICE_FAMILY = "1,2";
				TEST_HOST = "$(BUILT_PRODUCTS_DIR)/Eexpress.app/Eexpress";
			};
			name = Debug;
		};
		4D7599AC1FB1941700E93333 /* Release */ = {
			isa = XCBuildConfiguration;
			buildSettings = {
				ALWAYS_EMBED_SWIFT_STANDARD_LIBRARIES = YES;
				BUNDLE_LOADER = "$(TEST_HOST)";
				CODE_SIGN_STYLE = Automatic;
				DEVELOPMENT_TEAM = 8VUX32YHRN;
				INFOPLIST_FILE = EexpressTests/Info.plist;
				LD_RUNPATH_SEARCH_PATHS = "$(inherited) @executable_path/Frameworks @loader_path/Frameworks";
				PRODUCT_BUNDLE_IDENTIFIER = cn.edu.nju.EexpressTests;
				PRODUCT_NAME = "$(TARGET_NAME)";
				SWIFT_VERSION = 4.0;
				TARGETED_DEVICE_FAMILY = "1,2";
				TEST_HOST = "$(BUILT_PRODUCTS_DIR)/Eexpress.app/Eexpress";
			};
			name = Release;
		};
		4D7599AE1FB1941700E93333 /* Debug */ = {
			isa = XCBuildConfiguration;
			buildSettings = {
				ALWAYS_EMBED_SWIFT_STANDARD_LIBRARIES = YES;
				CODE_SIGN_STYLE = Automatic;
				DEVELOPMENT_TEAM = 8VUX32YHRN;
				INFOPLIST_FILE = EexpressUITests/Info.plist;
				LD_RUNPATH_SEARCH_PATHS = "$(inherited) @executable_path/Frameworks @loader_path/Frameworks";
				PRODUCT_BUNDLE_IDENTIFIER = cn.edu.nju.EexpressUITests;
				PRODUCT_NAME = "$(TARGET_NAME)";
				SWIFT_VERSION = 4.0;
				TARGETED_DEVICE_FAMILY = "1,2";
				TEST_TARGET_NAME = Eexpress;
			};
			name = Debug;
		};
		4D7599AF1FB1941700E93333 /* Release */ = {
			isa = XCBuildConfiguration;
			buildSettings = {
				ALWAYS_EMBED_SWIFT_STANDARD_LIBRARIES = YES;
				CODE_SIGN_STYLE = Automatic;
				DEVELOPMENT_TEAM = 8VUX32YHRN;
				INFOPLIST_FILE = EexpressUITests/Info.plist;
				LD_RUNPATH_SEARCH_PATHS = "$(inherited) @executable_path/Frameworks @loader_path/Frameworks";
				PRODUCT_BUNDLE_IDENTIFIER = cn.edu.nju.EexpressUITests;
				PRODUCT_NAME = "$(TARGET_NAME)";
				SWIFT_VERSION = 4.0;
				TARGETED_DEVICE_FAMILY = "1,2";
				TEST_TARGET_NAME = Eexpress;
			};
			name = Release;
		};
/* End XCBuildConfiguration section */

/* Begin XCConfigurationList section */
		4D7599781FB1941700E93333 /* Build configuration list for PBXProject "Eexpress" */ = {
			isa = XCConfigurationList;
			buildConfigurations = (
				4D7599A51FB1941700E93333 /* Debug */,
				4D7599A61FB1941700E93333 /* Release */,
			);
			defaultConfigurationIsVisible = 0;
			defaultConfigurationName = Release;
		};
		4D7599A71FB1941700E93333 /* Build configuration list for PBXNativeTarget "Eexpress" */ = {
			isa = XCConfigurationList;
			buildConfigurations = (
				4D7599A81FB1941700E93333 /* Debug */,
				4D7599A91FB1941700E93333 /* Release */,
			);
			defaultConfigurationIsVisible = 0;
			defaultConfigurationName = Release;
		};
		4D7599AA1FB1941700E93333 /* Build configuration list for PBXNativeTarget "EexpressTests" */ = {
			isa = XCConfigurationList;
			buildConfigurations = (
				4D7599AB1FB1941700E93333 /* Debug */,
				4D7599AC1FB1941700E93333 /* Release */,
			);
			defaultConfigurationIsVisible = 0;
			defaultConfigurationName = Release;
		};
		4D7599AD1FB1941700E93333 /* Build configuration list for PBXNativeTarget "EexpressUITests" */ = {
			isa = XCConfigurationList;
			buildConfigurations = (
				4D7599AE1FB1941700E93333 /* Debug */,
				4D7599AF1FB1941700E93333 /* Release */,
			);
			defaultConfigurationIsVisible = 0;
			defaultConfigurationName = Release;
		};
/* End XCConfigurationList section */
	};
	rootObject = 4D7599751FB1941700E93333 /* Project object */;
}
